// !$*UTF8*$!
{
	archiveVersion = 1;
	classes = {
	};
	objectVersion = 56;
	objects = {

/* Begin PBXBuildFile section */
		1213BF50300B41C6FC740501 /* Pods_ShopGoTests.framework in Frameworks */ = {isa = PBXBuildFile; fileRef = 863E294198940798B15E4A3C /* Pods_ShopGoTests.framework */; };
		3907C9CC28D804ED00019482 /* AppDelegate.swift in Sources */ = {isa = PBXBuildFile; fileRef = 3907C9CB28D804ED00019482 /* AppDelegate.swift */; };
		3907C9CE28D804ED00019482 /* SceneDelegate.swift in Sources */ = {isa = PBXBuildFile; fileRef = 3907C9CD28D804ED00019482 /* SceneDelegate.swift */; };
		3907C9D028D804ED00019482 /* ViewController.swift in Sources */ = {isa = PBXBuildFile; fileRef = 3907C9CF28D804ED00019482 /* ViewController.swift */; };
		3907C9D328D804ED00019482 /* Main.storyboard in Resources */ = {isa = PBXBuildFile; fileRef = 3907C9D128D804ED00019482 /* Main.storyboard */; };
		3907C9D528D804EE00019482 /* Assets.xcassets in Resources */ = {isa = PBXBuildFile; fileRef = 3907C9D428D804EE00019482 /* Assets.xcassets */; };
		3907C9D828D804EE00019482 /* LaunchScreen.storyboard in Resources */ = {isa = PBXBuildFile; fileRef = 3907C9D628D804EE00019482 /* LaunchScreen.storyboard */; };
		3907C9E328D804EF00019482 /* ShopGoTests.swift in Sources */ = {isa = PBXBuildFile; fileRef = 3907C9E228D804EF00019482 /* ShopGoTests.swift */; };
		3907C9ED28D804EF00019482 /* ShopGoUITests.swift in Sources */ = {isa = PBXBuildFile; fileRef = 3907C9EC28D804EF00019482 /* ShopGoUITests.swift */; };
		3907C9EF28D804EF00019482 /* ShopGoUITestsLaunchTests.swift in Sources */ = {isa = PBXBuildFile; fileRef = 3907C9EE28D804EF00019482 /* ShopGoUITestsLaunchTests.swift */; };
		402C117328DB0BBB00FC11C2 /* CreateAccountScreen.xcassets in Resources */ = {isa = PBXBuildFile; fileRef = 402C117228DB0BBB00FC11C2 /* CreateAccountScreen.xcassets */; };
		40FE82FC28DB8DA0009E0072 /* CreateAccountScreen.storyboard in Resources */ = {isa = PBXBuildFile; fileRef = 40FE82FB28DB8DA0009E0072 /* CreateAccountScreen.storyboard */; };
		40FE82FE28DB8DFE009E0072 /* CreateScreenViewController.swift in Sources */ = {isa = PBXBuildFile; fileRef = 40FE82FD28DB8DFE009E0072 /* CreateScreenViewController.swift */; };
		5962F94B28D985710093CA4D /* GoogleService-Info.plist in Resources */ = {isa = PBXBuildFile; fileRef = 5962F94A28D985710093CA4D /* GoogleService-Info.plist */; };
		5962F94C28D985710093CA4D /* GoogleService-Info.plist in Resources */ = {isa = PBXBuildFile; fileRef = 5962F94A28D985710093CA4D /* GoogleService-Info.plist */; };
		5962F94D28D985710093CA4D /* GoogleService-Info.plist in Resources */ = {isa = PBXBuildFile; fileRef = 5962F94A28D985710093CA4D /* GoogleService-Info.plist */; };
		5962F95828DA415E0093CA4D /* FirebaseAnalytics in Frameworks */ = {isa = PBXBuildFile; productRef = 5962F95728DA415E0093CA4D /* FirebaseAnalytics */; };
		5962F95A28DA415E0093CA4D /* FirebaseAnalyticsSwift in Frameworks */ = {isa = PBXBuildFile; productRef = 5962F95928DA415E0093CA4D /* FirebaseAnalyticsSwift */; };
		5962F95C28DA415E0093CA4D /* FirebaseCrashlytics in Frameworks */ = {isa = PBXBuildFile; productRef = 5962F95B28DA415E0093CA4D /* FirebaseCrashlytics */; };
		5962F9A728DBD8160093CA4D /* FirebaseAuth in Frameworks */ = {isa = PBXBuildFile; productRef = 5962F9A628DBD8160093CA4D /* FirebaseAuth */; };
		5962F9A928DBE19F0093CA4D /* FirebaseAnalytics in Frameworks */ = {isa = PBXBuildFile; productRef = 5962F9A828DBE19F0093CA4D /* FirebaseAnalytics */; };
		5962F9AB28DBE1A50093CA4D /* FirebaseAuth in Frameworks */ = {isa = PBXBuildFile; productRef = 5962F9AA28DBE1A50093CA4D /* FirebaseAuth */; };
		5962F9AD28DBE1B00093CA4D /* FirebaseCrashlytics in Frameworks */ = {isa = PBXBuildFile; productRef = 5962F9AC28DBE1B00093CA4D /* FirebaseCrashlytics */; };
		5962F9AF28DBE1CB0093CA4D /* FirebaseAnalyticsSwift in Frameworks */ = {isa = PBXBuildFile; productRef = 5962F9AE28DBE1CB0093CA4D /* FirebaseAnalyticsSwift */; };
		5962F9B128DBE50B0093CA4D /* FirebaseAnalytics in Frameworks */ = {isa = PBXBuildFile; productRef = 5962F9B028DBE50B0093CA4D /* FirebaseAnalytics */; };
		5962F9B328DBE50F0093CA4D /* FirebaseAnalyticsSwift in Frameworks */ = {isa = PBXBuildFile; productRef = 5962F9B228DBE50F0093CA4D /* FirebaseAnalyticsSwift */; };
		5962F9B528DBE5150093CA4D /* FirebaseCrashlytics in Frameworks */ = {isa = PBXBuildFile; productRef = 5962F9B428DBE5150093CA4D /* FirebaseCrashlytics */; };
		5962F9B728DBE5220093CA4D /* FirebaseAuth in Frameworks */ = {isa = PBXBuildFile; productRef = 5962F9B628DBE5220093CA4D /* FirebaseAuth */; };
		621772FF28DA44FC001CDFB4 /* TermsStoryboard.storyboard in Resources */ = {isa = PBXBuildFile; fileRef = 621772FE28DA44FC001CDFB4 /* TermsStoryboard.storyboard */; };
		6217730128DA451E001CDFB4 /* TermsAndConditionVC.swift in Sources */ = {isa = PBXBuildFile; fileRef = 6217730028DA451E001CDFB4 /* TermsAndConditionVC.swift */; };
		8CC0A54A28DA6EB3001682AE /* LoginScreen.storyboard in Resources */ = {isa = PBXBuildFile; fileRef = 8CC0A54928DA6EB3001682AE /* LoginScreen.storyboard */; };
		8CC0A55028DAC7D8001682AE /* CustomButton.swift in Sources */ = {isa = PBXBuildFile; fileRef = 8CC0A54F28DAC7D8001682AE /* CustomButton.swift */; };
		AD11C3D7FCFF0FD7542887EB /* Pods_ShopGo_ShopGoUITests.framework in Frameworks */ = {isa = PBXBuildFile; fileRef = 85488422E611B30A3D4369DA /* Pods_ShopGo_ShopGoUITests.framework */; };
		C33B9D2228DCC66500DCA1DB /* OtpScreen.storyboard in Resources */ = {isa = PBXBuildFile; fileRef = C33B9D2128DCC66500DCA1DB /* OtpScreen.storyboard */; };
		C33B9D2428DCC67700DCA1DB /* OtpScreenViewController.swift in Sources */ = {isa = PBXBuildFile; fileRef = C33B9D2328DCC67700DCA1DB /* OtpScreenViewController.swift */; };
		C3AF913728DA76E900CB4F54 /* LaunchScreenStoryboard.storyboard in Resources */ = {isa = PBXBuildFile; fileRef = C3AF913628DA76E900CB4F54 /* LaunchScreenStoryboard.storyboard */; };
		C3AF913928DA778800CB4F54 /* LaunchScreenAnimationViewController.swift in Sources */ = {isa = PBXBuildFile; fileRef = C3AF913828DA778800CB4F54 /* LaunchScreenAnimationViewController.swift */; };
		E071139728DFA47500392291 /* LoginVC.swift in Sources */ = {isa = PBXBuildFile; fileRef = E071139628DFA47500392291 /* LoginVC.swift */; };
		F0D4516F34F2E045C6580D53 /* Pods_ShopGo.framework in Frameworks */ = {isa = PBXBuildFile; fileRef = 58C94650D31D7B6376DE7F00 /* Pods_ShopGo.framework */; };
/* End PBXBuildFile section */

/* Begin PBXContainerItemProxy section */
		3907C9DF28D804EE00019482 /* PBXContainerItemProxy */ = {
			isa = PBXContainerItemProxy;
			containerPortal = 3907C9C028D804ED00019482 /* Project object */;
			proxyType = 1;
			remoteGlobalIDString = 3907C9C728D804ED00019482;
			remoteInfo = ShopGo;
		};
		3907C9E928D804EF00019482 /* PBXContainerItemProxy */ = {
			isa = PBXContainerItemProxy;
			containerPortal = 3907C9C028D804ED00019482 /* Project object */;
			proxyType = 1;
			remoteGlobalIDString = 3907C9C728D804ED00019482;
			remoteInfo = ShopGo;
		};
/* End PBXContainerItemProxy section */

/* Begin PBXFileReference section */
		3401748AC5A42F769E0C1D9D /* Pods-ShopGo.release.xcconfig */ = {isa = PBXFileReference; includeInIndex = 1; lastKnownFileType = text.xcconfig; name = "Pods-ShopGo.release.xcconfig"; path = "Target Support Files/Pods-ShopGo/Pods-ShopGo.release.xcconfig"; sourceTree = "<group>"; };
		3907C9CB28D804ED00019482 /* AppDelegate.swift */ = {isa = PBXFileReference; lastKnownFileType = sourcecode.swift; path = AppDelegate.swift; sourceTree = "<group>"; };
		3907C9CD28D804ED00019482 /* SceneDelegate.swift */ = {isa = PBXFileReference; lastKnownFileType = sourcecode.swift; path = SceneDelegate.swift; sourceTree = "<group>"; };
		3907C9CF28D804ED00019482 /* ViewController.swift */ = {isa = PBXFileReference; lastKnownFileType = sourcecode.swift; path = ViewController.swift; sourceTree = "<group>"; };
		3907C9D228D804ED00019482 /* Base */ = {isa = PBXFileReference; lastKnownFileType = file.storyboard; name = Base; path = Base.lproj/Main.storyboard; sourceTree = "<group>"; };
		3907C9D428D804EE00019482 /* Assets.xcassets */ = {isa = PBXFileReference; lastKnownFileType = folder.assetcatalog; path = Assets.xcassets; sourceTree = "<group>"; };
		3907C9D728D804EE00019482 /* Base */ = {isa = PBXFileReference; lastKnownFileType = file.storyboard; name = Base; path = Base.lproj/LaunchScreen.storyboard; sourceTree = "<group>"; };
		3907C9D928D804EE00019482 /* Info.plist */ = {isa = PBXFileReference; lastKnownFileType = text.plist.xml; path = Info.plist; sourceTree = "<group>"; };
		3907C9E228D804EF00019482 /* ShopGoTests.swift */ = {isa = PBXFileReference; lastKnownFileType = sourcecode.swift; path = ShopGoTests.swift; sourceTree = "<group>"; };
		3907C9EC28D804EF00019482 /* ShopGoUITests.swift */ = {isa = PBXFileReference; lastKnownFileType = sourcecode.swift; path = ShopGoUITests.swift; sourceTree = "<group>"; };
		3907C9EE28D804EF00019482 /* ShopGoUITestsLaunchTests.swift */ = {isa = PBXFileReference; lastKnownFileType = sourcecode.swift; path = ShopGoUITestsLaunchTests.swift; sourceTree = "<group>"; };
		402C117228DB0BBB00FC11C2 /* CreateAccountScreen.xcassets */ = {isa = PBXFileReference; lastKnownFileType = folder.assetcatalog; path = CreateAccountScreen.xcassets; sourceTree = "<group>"; };
		40FE82FB28DB8DA0009E0072 /* CreateAccountScreen.storyboard */ = {isa = PBXFileReference; lastKnownFileType = file.storyboard; path = CreateAccountScreen.storyboard; sourceTree = "<group>"; };
		40FE82FD28DB8DFE009E0072 /* CreateScreenViewController.swift */ = {isa = PBXFileReference; lastKnownFileType = sourcecode.swift; path = CreateScreenViewController.swift; sourceTree = "<group>"; };
		58C94650D31D7B6376DE7F00 /* Pods_ShopGo.framework */ = {isa = PBXFileReference; explicitFileType = wrapper.framework; includeInIndex = 0; path = Pods_ShopGo.framework; sourceTree = BUILT_PRODUCTS_DIR; };
		5962F94A28D985710093CA4D /* GoogleService-Info.plist */ = {isa = PBXFileReference; fileEncoding = 4; lastKnownFileType = text.plist.xml; path = "GoogleService-Info.plist"; sourceTree = "<group>"; };
		621772FE28DA44FC001CDFB4 /* TermsStoryboard.storyboard */ = {isa = PBXFileReference; lastKnownFileType = file.storyboard; path = TermsStoryboard.storyboard; sourceTree = "<group>"; };
		6217730028DA451E001CDFB4 /* TermsAndConditionVC.swift */ = {isa = PBXFileReference; lastKnownFileType = sourcecode.swift; path = TermsAndConditionVC.swift; sourceTree = "<group>"; };
		805E22E2355639A45912B8F6 /* Pods-ShopGo-ShopGoUITests.release.xcconfig */ = {isa = PBXFileReference; includeInIndex = 1; lastKnownFileType = text.xcconfig; name = "Pods-ShopGo-ShopGoUITests.release.xcconfig"; path = "Target Support Files/Pods-ShopGo-ShopGoUITests/Pods-ShopGo-ShopGoUITests.release.xcconfig"; sourceTree = "<group>"; };
		85488422E611B30A3D4369DA /* Pods_ShopGo_ShopGoUITests.framework */ = {isa = PBXFileReference; explicitFileType = wrapper.framework; includeInIndex = 0; path = Pods_ShopGo_ShopGoUITests.framework; sourceTree = BUILT_PRODUCTS_DIR; };
		863E294198940798B15E4A3C /* Pods_ShopGoTests.framework */ = {isa = PBXFileReference; explicitFileType = wrapper.framework; includeInIndex = 0; path = Pods_ShopGoTests.framework; sourceTree = BUILT_PRODUCTS_DIR; };
		8CC0A54928DA6EB3001682AE /* LoginScreen.storyboard */ = {isa = PBXFileReference; lastKnownFileType = file.storyboard; path = LoginScreen.storyboard; sourceTree = "<group>"; };
		8CC0A54F28DAC7D8001682AE /* CustomButton.swift */ = {isa = PBXFileReference; lastKnownFileType = sourcecode.swift; path = CustomButton.swift; sourceTree = "<group>"; };
		C33B9D2128DCC66500DCA1DB /* OtpScreen.storyboard */ = {isa = PBXFileReference; lastKnownFileType = file.storyboard; path = OtpScreen.storyboard; sourceTree = "<group>"; };
		C33B9D2328DCC67700DCA1DB /* OtpScreenViewController.swift */ = {isa = PBXFileReference; lastKnownFileType = sourcecode.swift; path = OtpScreenViewController.swift; sourceTree = "<group>"; };
		C3AF913628DA76E900CB4F54 /* LaunchScreenStoryboard.storyboard */ = {isa = PBXFileReference; lastKnownFileType = file.storyboard; path = LaunchScreenStoryboard.storyboard; sourceTree = "<group>"; };
		C3AF913828DA778800CB4F54 /* LaunchScreenAnimationViewController.swift */ = {isa = PBXFileReference; lastKnownFileType = sourcecode.swift; path = LaunchScreenAnimationViewController.swift; sourceTree = "<group>"; };
		D0FA76D1EBC104A3F1F8C603 /* Pods-ShopGo.debug.xcconfig */ = {isa = PBXFileReference; includeInIndex = 1; lastKnownFileType = text.xcconfig; name = "Pods-ShopGo.debug.xcconfig"; path = "Target Support Files/Pods-ShopGo/Pods-ShopGo.debug.xcconfig"; sourceTree = "<group>"; };
		DE5E088048E5C58EEB55250F /* Pods-ShopGo-ShopGoUITests.debug.xcconfig */ = {isa = PBXFileReference; includeInIndex = 1; lastKnownFileType = text.xcconfig; name = "Pods-ShopGo-ShopGoUITests.debug.xcconfig"; path = "Target Support Files/Pods-ShopGo-ShopGoUITests/Pods-ShopGo-ShopGoUITests.debug.xcconfig"; sourceTree = "<group>"; };
		E071139628DFA47500392291 /* LoginVC.swift */ = {isa = PBXFileReference; lastKnownFileType = sourcecode.swift; path = LoginVC.swift; sourceTree = "<group>"; };
		E071139C28DFB50300392291 /* ShopGo.app */ = {isa = PBXFileReference; explicitFileType = wrapper.application; includeInIndex = 0; path = ShopGo.app; sourceTree = BUILT_PRODUCTS_DIR; };
		E071139D28DFB50300392291 /* ShopGoTests.xctest */ = {isa = PBXFileReference; explicitFileType = wrapper.cfbundle; includeInIndex = 0; path = ShopGoTests.xctest; sourceTree = BUILT_PRODUCTS_DIR; };
		E071139E28DFB50300392291 /* ShopGoUITests.xctest */ = {isa = PBXFileReference; explicitFileType = wrapper.cfbundle; includeInIndex = 0; path = ShopGoUITests.xctest; sourceTree = BUILT_PRODUCTS_DIR; };
		EFF3662D18AA6F3682BE96E5 /* Pods-ShopGoTests.release.xcconfig */ = {isa = PBXFileReference; includeInIndex = 1; lastKnownFileType = text.xcconfig; name = "Pods-ShopGoTests.release.xcconfig"; path = "Target Support Files/Pods-ShopGoTests/Pods-ShopGoTests.release.xcconfig"; sourceTree = "<group>"; };
		F36685DE62F0D57159D491A4 /* Pods-ShopGoTests.debug.xcconfig */ = {isa = PBXFileReference; includeInIndex = 1; lastKnownFileType = text.xcconfig; name = "Pods-ShopGoTests.debug.xcconfig"; path = "Target Support Files/Pods-ShopGoTests/Pods-ShopGoTests.debug.xcconfig"; sourceTree = "<group>"; };
/* End PBXFileReference section */

/* Begin PBXFrameworksBuildPhase section */
		3907C9C528D804ED00019482 /* Frameworks */ = {
			isa = PBXFrameworksBuildPhase;
			buildActionMask = 2147483647;
			files = (
				5962F95C28DA415E0093CA4D /* FirebaseCrashlytics in Frameworks */,
				5962F95A28DA415E0093CA4D /* FirebaseAnalyticsSwift in Frameworks */,
				5962F95828DA415E0093CA4D /* FirebaseAnalytics in Frameworks */,
				5962F9A728DBD8160093CA4D /* FirebaseAuth in Frameworks */,
				F0D4516F34F2E045C6580D53 /* Pods_ShopGo.framework in Frameworks */,
			);
			runOnlyForDeploymentPostprocessing = 0;
		};
		3907C9DB28D804EE00019482 /* Frameworks */ = {
			isa = PBXFrameworksBuildPhase;
			buildActionMask = 2147483647;
			files = (
				5962F9AF28DBE1CB0093CA4D /* FirebaseAnalyticsSwift in Frameworks */,
				5962F9AD28DBE1B00093CA4D /* FirebaseCrashlytics in Frameworks */,
				5962F9A928DBE19F0093CA4D /* FirebaseAnalytics in Frameworks */,
				5962F9AB28DBE1A50093CA4D /* FirebaseAuth in Frameworks */,
				1213BF50300B41C6FC740501 /* Pods_ShopGoTests.framework in Frameworks */,
			);
			runOnlyForDeploymentPostprocessing = 0;
		};
		3907C9E528D804EF00019482 /* Frameworks */ = {
			isa = PBXFrameworksBuildPhase;
			buildActionMask = 2147483647;
			files = (
				5962F9B528DBE5150093CA4D /* FirebaseCrashlytics in Frameworks */,
				5962F9B328DBE50F0093CA4D /* FirebaseAnalyticsSwift in Frameworks */,
				5962F9B128DBE50B0093CA4D /* FirebaseAnalytics in Frameworks */,
				5962F9B728DBE5220093CA4D /* FirebaseAuth in Frameworks */,
				AD11C3D7FCFF0FD7542887EB /* Pods_ShopGo_ShopGoUITests.framework in Frameworks */,
			);
			runOnlyForDeploymentPostprocessing = 0;
		};
/* End PBXFrameworksBuildPhase section */

/* Begin PBXGroup section */
		3907C9BF28D804ED00019482 = {
			isa = PBXGroup;
			children = (
				3907C9CA28D804ED00019482 /* ShopGo */,
				3907C9E128D804EE00019482 /* ShopGoTests */,
				3907C9EB28D804EF00019482 /* ShopGoUITests */,
				501D892D2AB2346005814387 /* Pods */,
				CEA33576F899459BC1704775 /* Frameworks */,
				E071139C28DFB50300392291 /* ShopGo.app */,
				E071139D28DFB50300392291 /* ShopGoTests.xctest */,
				E071139E28DFB50300392291 /* ShopGoUITests.xctest */,
			);
			sourceTree = "<group>";
		};
		3907C9CA28D804ED00019482 /* ShopGo */ = {
			isa = PBXGroup;
			children = (
				3907C9CB28D804ED00019482 /* AppDelegate.swift */,
				3907C9CD28D804ED00019482 /* SceneDelegate.swift */,
				3907C9CF28D804ED00019482 /* ViewController.swift */,
				40FE82FB28DB8DA0009E0072 /* CreateAccountScreen.storyboard */,
				40FE82FD28DB8DFE009E0072 /* CreateScreenViewController.swift */,
				402C117228DB0BBB00FC11C2 /* CreateAccountScreen.xcassets */,
				6217730028DA451E001CDFB4 /* TermsAndConditionVC.swift */,
				621772FE28DA44FC001CDFB4 /* TermsStoryboard.storyboard */,
				8CC0A54928DA6EB3001682AE /* LoginScreen.storyboard */,
				E071139628DFA47500392291 /* LoginVC.swift */,
				8CC0A54F28DAC7D8001682AE /* CustomButton.swift */,
				3907C9D128D804ED00019482 /* Main.storyboard */,
				C3AF913628DA76E900CB4F54 /* LaunchScreenStoryboard.storyboard */,
				C3AF913828DA778800CB4F54 /* LaunchScreenAnimationViewController.swift */,
				C33B9D2128DCC66500DCA1DB /* OtpScreen.storyboard */,
				C33B9D2328DCC67700DCA1DB /* OtpScreenViewController.swift */,
				3907C9D428D804EE00019482 /* Assets.xcassets */,
				3907C9D628D804EE00019482 /* LaunchScreen.storyboard */,
				5962F94A28D985710093CA4D /* GoogleService-Info.plist */,
				3907C9D928D804EE00019482 /* Info.plist */,
			);
			path = ShopGo;
			sourceTree = "<group>";
		};
		3907C9E128D804EE00019482 /* ShopGoTests */ = {
			isa = PBXGroup;
			children = (
				3907C9E228D804EF00019482 /* ShopGoTests.swift */,
			);
			path = ShopGoTests;
			sourceTree = "<group>";
		};
		3907C9EB28D804EF00019482 /* ShopGoUITests */ = {
			isa = PBXGroup;
			children = (
				3907C9EC28D804EF00019482 /* ShopGoUITests.swift */,
				3907C9EE28D804EF00019482 /* ShopGoUITestsLaunchTests.swift */,
			);
			path = ShopGoUITests;
			sourceTree = "<group>";
		};
		501D892D2AB2346005814387 /* Pods */ = {
			isa = PBXGroup;
			children = (
				D0FA76D1EBC104A3F1F8C603 /* Pods-ShopGo.debug.xcconfig */,
				3401748AC5A42F769E0C1D9D /* Pods-ShopGo.release.xcconfig */,
				DE5E088048E5C58EEB55250F /* Pods-ShopGo-ShopGoUITests.debug.xcconfig */,
				805E22E2355639A45912B8F6 /* Pods-ShopGo-ShopGoUITests.release.xcconfig */,
				F36685DE62F0D57159D491A4 /* Pods-ShopGoTests.debug.xcconfig */,
				EFF3662D18AA6F3682BE96E5 /* Pods-ShopGoTests.release.xcconfig */,
			);
			path = Pods;
			sourceTree = "<group>";
		};
		CEA33576F899459BC1704775 /* Frameworks */ = {
			isa = PBXGroup;
			children = (
				58C94650D31D7B6376DE7F00 /* Pods_ShopGo.framework */,
				85488422E611B30A3D4369DA /* Pods_ShopGo_ShopGoUITests.framework */,
				863E294198940798B15E4A3C /* Pods_ShopGoTests.framework */,
			);
			name = Frameworks;
			sourceTree = "<group>";
		};
/* End PBXGroup section */

/* Begin PBXNativeTarget section */
		3907C9C728D804ED00019482 /* ShopGo */ = {
			isa = PBXNativeTarget;
			buildConfigurationList = 3907C9F228D804EF00019482 /* Build configuration list for PBXNativeTarget "ShopGo" */;
			buildPhases = (
				B38A263C9FE604D7ED82967F /* [CP] Check Pods Manifest.lock */,
				3907C9C428D804ED00019482 /* Sources */,
				3907C9C528D804ED00019482 /* Frameworks */,
				3907C9C628D804ED00019482 /* Resources */,
				E071139F28DFB52400392291 /* ShellScript */,
				5962F95D28DA41C60093CA4D /* ShellScript */,
			);
			buildRules = (
			);
			dependencies = (
			);
			name = ShopGo;
			packageProductDependencies = (
				5962F95728DA415E0093CA4D /* FirebaseAnalytics */,
				5962F95928DA415E0093CA4D /* FirebaseAnalyticsSwift */,
				5962F95B28DA415E0093CA4D /* FirebaseCrashlytics */,
				5962F9A628DBD8160093CA4D /* FirebaseAuth */,
			);
			productName = ShopGo;
			productReference = E071139C28DFB50300392291 /* ShopGo.app */;
			productType = "com.apple.product-type.application";
		};
		3907C9DD28D804EE00019482 /* ShopGoTests */ = {
			isa = PBXNativeTarget;
			buildConfigurationList = 3907C9F528D804EF00019482 /* Build configuration list for PBXNativeTarget "ShopGoTests" */;
			buildPhases = (
				6058B9F59787070CDE4772F7 /* [CP] Check Pods Manifest.lock */,
				3907C9DA28D804EE00019482 /* Sources */,
				3907C9DB28D804EE00019482 /* Frameworks */,
				3907C9DC28D804EE00019482 /* Resources */,
			);
			buildRules = (
			);
			dependencies = (
				3907C9E028D804EE00019482 /* PBXTargetDependency */,
			);
			name = ShopGoTests;
			packageProductDependencies = (
				5962F9A828DBE19F0093CA4D /* FirebaseAnalytics */,
				5962F9AA28DBE1A50093CA4D /* FirebaseAuth */,
				5962F9AC28DBE1B00093CA4D /* FirebaseCrashlytics */,
				5962F9AE28DBE1CB0093CA4D /* FirebaseAnalyticsSwift */,
			);
			productName = ShopGoTests;
			productReference = E071139D28DFB50300392291 /* ShopGoTests.xctest */;
			productType = "com.apple.product-type.bundle.unit-test";
		};
		3907C9E728D804EF00019482 /* ShopGoUITests */ = {
			isa = PBXNativeTarget;
			buildConfigurationList = 3907C9F828D804EF00019482 /* Build configuration list for PBXNativeTarget "ShopGoUITests" */;
			buildPhases = (
				64EBB221EB801466B0E52877 /* [CP] Check Pods Manifest.lock */,
				3907C9E428D804EF00019482 /* Sources */,
				3907C9E528D804EF00019482 /* Frameworks */,
				3907C9E628D804EF00019482 /* Resources */,
			);
			buildRules = (
			);
			dependencies = (
				3907C9EA28D804EF00019482 /* PBXTargetDependency */,
			);
			name = ShopGoUITests;
			packageProductDependencies = (
				5962F9B028DBE50B0093CA4D /* FirebaseAnalytics */,
				5962F9B228DBE50F0093CA4D /* FirebaseAnalyticsSwift */,
				5962F9B428DBE5150093CA4D /* FirebaseCrashlytics */,
				5962F9B628DBE5220093CA4D /* FirebaseAuth */,
			);
			productName = ShopGoUITests;
			productReference = E071139E28DFB50300392291 /* ShopGoUITests.xctest */;
			productType = "com.apple.product-type.bundle.ui-testing";
		};
/* End PBXNativeTarget section */

/* Begin PBXProject section */
		3907C9C028D804ED00019482 /* Project object */ = {
			isa = PBXProject;
			attributes = {
				BuildIndependentTargetsInParallel = 1;
				LastSwiftUpdateCheck = 1400;
				LastUpgradeCheck = 1400;
				TargetAttributes = {
					3907C9C728D804ED00019482 = {
						CreatedOnToolsVersion = 14.0;
					};
					3907C9DD28D804EE00019482 = {
						CreatedOnToolsVersion = 14.0;
						TestTargetID = 3907C9C728D804ED00019482;
					};
					3907C9E728D804EF00019482 = {
						CreatedOnToolsVersion = 14.0;
						TestTargetID = 3907C9C728D804ED00019482;
					};
				};
			};
			buildConfigurationList = 3907C9C328D804ED00019482 /* Build configuration list for PBXProject "ShopGo" */;
			compatibilityVersion = "Xcode 14.0";
			developmentRegion = en;
			hasScannedForEncodings = 0;
			knownRegions = (
				en,
				Base,
			);
			mainGroup = 3907C9BF28D804ED00019482;
			packageReferences = (
				5962F95628DA415E0093CA4D /* XCRemoteSwiftPackageReference "firebase-ios-sdk" */,
			);
			productRefGroup = 3907C9BF28D804ED00019482;
			projectDirPath = "";
			projectRoot = "";
			targets = (
				3907C9C728D804ED00019482 /* ShopGo */,
				3907C9DD28D804EE00019482 /* ShopGoTests */,
				3907C9E728D804EF00019482 /* ShopGoUITests */,
			);
		};
/* End PBXProject section */

/* Begin PBXResourcesBuildPhase section */
		3907C9C628D804ED00019482 /* Resources */ = {
			isa = PBXResourcesBuildPhase;
			buildActionMask = 2147483647;
			files = (
				C3AF913728DA76E900CB4F54 /* LaunchScreenStoryboard.storyboard in Resources */,
				3907C9D828D804EE00019482 /* LaunchScreen.storyboard in Resources */,
				5962F94B28D985710093CA4D /* GoogleService-Info.plist in Resources */,
				402C117328DB0BBB00FC11C2 /* CreateAccountScreen.xcassets in Resources */,
				621772FF28DA44FC001CDFB4 /* TermsStoryboard.storyboard in Resources */,
				3907C9D528D804EE00019482 /* Assets.xcassets in Resources */,
				40FE82FC28DB8DA0009E0072 /* CreateAccountScreen.storyboard in Resources */,
				8CC0A54A28DA6EB3001682AE /* LoginScreen.storyboard in Resources */,
				C33B9D2228DCC66500DCA1DB /* OtpScreen.storyboard in Resources */,
				3907C9D328D804ED00019482 /* Main.storyboard in Resources */,
			);
			runOnlyForDeploymentPostprocessing = 0;
		};
		3907C9DC28D804EE00019482 /* Resources */ = {
			isa = PBXResourcesBuildPhase;
			buildActionMask = 2147483647;
			files = (
				5962F94C28D985710093CA4D /* GoogleService-Info.plist in Resources */,
			);
			runOnlyForDeploymentPostprocessing = 0;
		};
		3907C9E628D804EF00019482 /* Resources */ = {
			isa = PBXResourcesBuildPhase;
			buildActionMask = 2147483647;
			files = (
				5962F94D28D985710093CA4D /* GoogleService-Info.plist in Resources */,
			);
			runOnlyForDeploymentPostprocessing = 0;
		};
/* End PBXResourcesBuildPhase section */

/* Begin PBXShellScriptBuildPhase section */
		5962F95D28DA41C60093CA4D /* ShellScript */ = {
			isa = PBXShellScriptBuildPhase;
			buildActionMask = 2147483647;
			files = (
			);
			inputFileListPaths = (
			);
			inputPaths = (
				"${DWARF_DSYM_FOLDER_PATH}/${DWARF_DSYM_FILE_NAME}/Contents/Resources/DWARF/${TARGET_NAME}",
				"$(SRCROOT)/$(BUILT_PRODUCTS_DIR)/$(INFOPLIST_PATH)",
			);
			outputFileListPaths = (
			);
			outputPaths = (
			);
			runOnlyForDeploymentPostprocessing = 0;
			shellPath = /bin/sh;
			shellScript = "# Type a script or drag a script file from your workspace to insert its path.\n\"${BUILD_DIR%Build/*}SourcePackages/checkouts/firebase-ios-sdk/Crashlytics/run\"\n";
		};
		6058B9F59787070CDE4772F7 /* [CP] Check Pods Manifest.lock */ = {
			isa = PBXShellScriptBuildPhase;
			buildActionMask = 2147483647;
			files = (
			);
			inputFileListPaths = (
			);
			inputPaths = (
				"${PODS_PODFILE_DIR_PATH}/Podfile.lock",
				"${PODS_ROOT}/Manifest.lock",
			);
			name = "[CP] Check Pods Manifest.lock";
			outputFileListPaths = (
			);
			outputPaths = (
				"$(DERIVED_FILE_DIR)/Pods-ShopGoTests-checkManifestLockResult.txt",
			);
			runOnlyForDeploymentPostprocessing = 0;
			shellPath = /bin/sh;
			shellScript = "diff \"${PODS_PODFILE_DIR_PATH}/Podfile.lock\" \"${PODS_ROOT}/Manifest.lock\" > /dev/null\nif [ $? != 0 ] ; then\n    # print error to STDERR\n    echo \"error: The sandbox is not in sync with the Podfile.lock. Run 'pod install' or update your CocoaPods installation.\" >&2\n    exit 1\nfi\n# This output is used by Xcode 'outputs' to avoid re-running this script phase.\necho \"SUCCESS\" > \"${SCRIPT_OUTPUT_FILE_0}\"\n";
			showEnvVarsInLog = 0;
		};
		64EBB221EB801466B0E52877 /* [CP] Check Pods Manifest.lock */ = {
			isa = PBXShellScriptBuildPhase;
			buildActionMask = 2147483647;
			files = (
			);
			inputFileListPaths = (
			);
			inputPaths = (
				"${PODS_PODFILE_DIR_PATH}/Podfile.lock",
				"${PODS_ROOT}/Manifest.lock",
			);
			name = "[CP] Check Pods Manifest.lock";
			outputFileListPaths = (
			);
			outputPaths = (
				"$(DERIVED_FILE_DIR)/Pods-ShopGo-ShopGoUITests-checkManifestLockResult.txt",
			);
			runOnlyForDeploymentPostprocessing = 0;
			shellPath = /bin/sh;
			shellScript = "diff \"${PODS_PODFILE_DIR_PATH}/Podfile.lock\" \"${PODS_ROOT}/Manifest.lock\" > /dev/null\nif [ $? != 0 ] ; then\n    # print error to STDERR\n    echo \"error: The sandbox is not in sync with the Podfile.lock. Run 'pod install' or update your CocoaPods installation.\" >&2\n    exit 1\nfi\n# This output is used by Xcode 'outputs' to avoid re-running this script phase.\necho \"SUCCESS\" > \"${SCRIPT_OUTPUT_FILE_0}\"\n";
			showEnvVarsInLog = 0;
		};
		B38A263C9FE604D7ED82967F /* [CP] Check Pods Manifest.lock */ = {
			isa = PBXShellScriptBuildPhase;
			buildActionMask = 2147483647;
			files = (
			);
			inputFileListPaths = (
			);
			inputPaths = (
				"${PODS_PODFILE_DIR_PATH}/Podfile.lock",
				"${PODS_ROOT}/Manifest.lock",
			);
			name = "[CP] Check Pods Manifest.lock";
			outputFileListPaths = (
			);
			outputPaths = (
				"$(DERIVED_FILE_DIR)/Pods-ShopGo-checkManifestLockResult.txt",
			);
			runOnlyForDeploymentPostprocessing = 0;
			shellPath = /bin/sh;
			shellScript = "diff \"${PODS_PODFILE_DIR_PATH}/Podfile.lock\" \"${PODS_ROOT}/Manifest.lock\" > /dev/null\nif [ $? != 0 ] ; then\n    # print error to STDERR\n    echo \"error: The sandbox is not in sync with the Podfile.lock. Run 'pod install' or update your CocoaPods installation.\" >&2\n    exit 1\nfi\n# This output is used by Xcode 'outputs' to avoid re-running this script phase.\necho \"SUCCESS\" > \"${SCRIPT_OUTPUT_FILE_0}\"\n";
			showEnvVarsInLog = 0;
		};
		E071139F28DFB52400392291 /* ShellScript */ = {
			isa = PBXShellScriptBuildPhase;
			buildActionMask = 2147483647;
			files = (
			);
			inputFileListPaths = (
			);
			inputPaths = (
			);
			outputFileListPaths = (
			);
			outputPaths = (
			);
			runOnlyForDeploymentPostprocessing = 0;
			shellPath = /bin/sh;
			shellScript = "${PODS_ROOT}/SwiftLint/swiftlint\n";
		};
/* End PBXShellScriptBuildPhase section */

/* Begin PBXSourcesBuildPhase section */
		3907C9C428D804ED00019482 /* Sources */ = {
			isa = PBXSourcesBuildPhase;
			buildActionMask = 2147483647;
			files = (
				E071139728DFA47500392291 /* LoginVC.swift in Sources */,
				40FE82FE28DB8DFE009E0072 /* CreateScreenViewController.swift in Sources */,
				3907C9D028D804ED00019482 /* ViewController.swift in Sources */,
				3907C9CC28D804ED00019482 /* AppDelegate.swift in Sources */,
				6217730128DA451E001CDFB4 /* TermsAndConditionVC.swift in Sources */,
				C3AF913928DA778800CB4F54 /* LaunchScreenAnimationViewController.swift in Sources */,
				C33B9D2428DCC67700DCA1DB /* OtpScreenViewController.swift in Sources */,
				3907C9CE28D804ED00019482 /* SceneDelegate.swift in Sources */,
				8CC0A55028DAC7D8001682AE /* CustomButton.swift in Sources */,
			);
			runOnlyForDeploymentPostprocessing = 0;
		};
		3907C9DA28D804EE00019482 /* Sources */ = {
			isa = PBXSourcesBuildPhase;
			buildActionMask = 2147483647;
			files = (
				3907C9E328D804EF00019482 /* ShopGoTests.swift in Sources */,
			);
			runOnlyForDeploymentPostprocessing = 0;
		};
		3907C9E428D804EF00019482 /* Sources */ = {
			isa = PBXSourcesBuildPhase;
			buildActionMask = 2147483647;
			files = (
				3907C9EF28D804EF00019482 /* ShopGoUITestsLaunchTests.swift in Sources */,
				3907C9ED28D804EF00019482 /* ShopGoUITests.swift in Sources */,
			);
			runOnlyForDeploymentPostprocessing = 0;
		};
/* End PBXSourcesBuildPhase section */

/* Begin PBXTargetDependency section */
		3907C9E028D804EE00019482 /* PBXTargetDependency */ = {
			isa = PBXTargetDependency;
			target = 3907C9C728D804ED00019482 /* ShopGo */;
			targetProxy = 3907C9DF28D804EE00019482 /* PBXContainerItemProxy */;
		};
		3907C9EA28D804EF00019482 /* PBXTargetDependency */ = {
			isa = PBXTargetDependency;
			target = 3907C9C728D804ED00019482 /* ShopGo */;
			targetProxy = 3907C9E928D804EF00019482 /* PBXContainerItemProxy */;
		};
/* End PBXTargetDependency section */

/* Begin PBXVariantGroup section */
		3907C9D128D804ED00019482 /* Main.storyboard */ = {
			isa = PBXVariantGroup;
			children = (
				3907C9D228D804ED00019482 /* Base */,
			);
			name = Main.storyboard;
			sourceTree = "<group>";
		};
		3907C9D628D804EE00019482 /* LaunchScreen.storyboard */ = {
			isa = PBXVariantGroup;
			children = (
				3907C9D728D804EE00019482 /* Base */,
			);
			name = LaunchScreen.storyboard;
			sourceTree = "<group>";
		};
/* End PBXVariantGroup section */

/* Begin XCBuildConfiguration section */
		3907C9F028D804EF00019482 /* Debug */ = {
			isa = XCBuildConfiguration;
			buildSettings = {
				ALWAYS_SEARCH_USER_PATHS = NO;
				CLANG_ANALYZER_NONNULL = YES;
				CLANG_ANALYZER_NUMBER_OBJECT_CONVERSION = YES_AGGRESSIVE;
				CLANG_CXX_LANGUAGE_STANDARD = "gnu++20";
				CLANG_ENABLE_MODULES = YES;
				CLANG_ENABLE_OBJC_ARC = YES;
				CLANG_ENABLE_OBJC_WEAK = YES;
				CLANG_WARN_BLOCK_CAPTURE_AUTORELEASING = YES;
				CLANG_WARN_BOOL_CONVERSION = YES;
				CLANG_WARN_COMMA = YES;
				CLANG_WARN_CONSTANT_CONVERSION = YES;
				CLANG_WARN_DEPRECATED_OBJC_IMPLEMENTATIONS = YES;
				CLANG_WARN_DIRECT_OBJC_ISA_USAGE = YES_ERROR;
				CLANG_WARN_DOCUMENTATION_COMMENTS = YES;
				CLANG_WARN_EMPTY_BODY = YES;
				CLANG_WARN_ENUM_CONVERSION = YES;
				CLANG_WARN_FRAMEWORK_INCLUDE_PRIVATE_FROM_PUBLIC = NO;
				CLANG_WARN_INFINITE_RECURSION = YES;
				CLANG_WARN_INT_CONVERSION = YES;
				CLANG_WARN_NON_LITERAL_NULL_CONVERSION = YES;
				CLANG_WARN_OBJC_IMPLICIT_RETAIN_SELF = YES;
				CLANG_WARN_OBJC_LITERAL_CONVERSION = YES;
				CLANG_WARN_OBJC_ROOT_CLASS = YES_ERROR;
				CLANG_WARN_QUOTED_INCLUDE_IN_FRAMEWORK_HEADER = YES;
				CLANG_WARN_RANGE_LOOP_ANALYSIS = YES;
				CLANG_WARN_STRICT_PROTOTYPES = YES;
				CLANG_WARN_SUSPICIOUS_MOVE = YES;
				CLANG_WARN_UNGUARDED_AVAILABILITY = YES_AGGRESSIVE;
				CLANG_WARN_UNREACHABLE_CODE = YES;
				CLANG_WARN__DUPLICATE_METHOD_MATCH = YES;
				COPY_PHASE_STRIP = NO;
				DEBUG_INFORMATION_FORMAT = "dwarf-with-dsym";
				ENABLE_STRICT_OBJC_MSGSEND = YES;
				ENABLE_TESTABILITY = YES;
				GCC_C_LANGUAGE_STANDARD = gnu11;
				GCC_DYNAMIC_NO_PIC = NO;
				GCC_NO_COMMON_BLOCKS = YES;
				GCC_OPTIMIZATION_LEVEL = 0;
				GCC_PREPROCESSOR_DEFINITIONS = (
					"DEBUG=1",
					"$(inherited)",
				);
				GCC_WARN_64_TO_32_BIT_CONVERSION = YES;
				GCC_WARN_ABOUT_RETURN_TYPE = YES_ERROR;
				GCC_WARN_UNDECLARED_SELECTOR = YES;
				GCC_WARN_UNINITIALIZED_AUTOS = YES_AGGRESSIVE;
				GCC_WARN_UNUSED_FUNCTION = YES;
				GCC_WARN_UNUSED_VARIABLE = YES;
				"HEADER_SEARCH_PATHS[arch=*]" = (
					"$(inherited)",
					"${PODS_ROOT}/Firebase/Core/Sources",
				);
				IPHONEOS_DEPLOYMENT_TARGET = 16.0;
				MTL_ENABLE_DEBUG_INFO = INCLUDE_SOURCE;
				MTL_FAST_MATH = YES;
				ONLY_ACTIVE_ARCH = YES;
				"OTHER_LDFLAGS[arch=*]" = "$(inherited)";
				SDKROOT = iphoneos;
				SWIFT_ACTIVE_COMPILATION_CONDITIONS = DEBUG;
				SWIFT_OPTIMIZATION_LEVEL = "-Onone";
			};
			name = Debug;
		};
		3907C9F128D804EF00019482 /* Release */ = {
			isa = XCBuildConfiguration;
			buildSettings = {
				ALWAYS_SEARCH_USER_PATHS = NO;
				CLANG_ANALYZER_NONNULL = YES;
				CLANG_ANALYZER_NUMBER_OBJECT_CONVERSION = YES_AGGRESSIVE;
				CLANG_CXX_LANGUAGE_STANDARD = "gnu++20";
				CLANG_ENABLE_MODULES = YES;
				CLANG_ENABLE_OBJC_ARC = YES;
				CLANG_ENABLE_OBJC_WEAK = YES;
				CLANG_WARN_BLOCK_CAPTURE_AUTORELEASING = YES;
				CLANG_WARN_BOOL_CONVERSION = YES;
				CLANG_WARN_COMMA = YES;
				CLANG_WARN_CONSTANT_CONVERSION = YES;
				CLANG_WARN_DEPRECATED_OBJC_IMPLEMENTATIONS = YES;
				CLANG_WARN_DIRECT_OBJC_ISA_USAGE = YES_ERROR;
				CLANG_WARN_DOCUMENTATION_COMMENTS = YES;
				CLANG_WARN_EMPTY_BODY = YES;
				CLANG_WARN_ENUM_CONVERSION = YES;
				CLANG_WARN_FRAMEWORK_INCLUDE_PRIVATE_FROM_PUBLIC = NO;
				CLANG_WARN_INFINITE_RECURSION = YES;
				CLANG_WARN_INT_CONVERSION = YES;
				CLANG_WARN_NON_LITERAL_NULL_CONVERSION = YES;
				CLANG_WARN_OBJC_IMPLICIT_RETAIN_SELF = YES;
				CLANG_WARN_OBJC_LITERAL_CONVERSION = YES;
				CLANG_WARN_OBJC_ROOT_CLASS = YES_ERROR;
				CLANG_WARN_QUOTED_INCLUDE_IN_FRAMEWORK_HEADER = YES;
				CLANG_WARN_RANGE_LOOP_ANALYSIS = YES;
				CLANG_WARN_STRICT_PROTOTYPES = YES;
				CLANG_WARN_SUSPICIOUS_MOVE = YES;
				CLANG_WARN_UNGUARDED_AVAILABILITY = YES_AGGRESSIVE;
				CLANG_WARN_UNREACHABLE_CODE = YES;
				CLANG_WARN__DUPLICATE_METHOD_MATCH = YES;
				COPY_PHASE_STRIP = NO;
				DEBUG_INFORMATION_FORMAT = "dwarf-with-dsym";
				ENABLE_NS_ASSERTIONS = NO;
				ENABLE_STRICT_OBJC_MSGSEND = YES;
				GCC_C_LANGUAGE_STANDARD = gnu11;
				GCC_NO_COMMON_BLOCKS = YES;
				GCC_WARN_64_TO_32_BIT_CONVERSION = YES;
				GCC_WARN_ABOUT_RETURN_TYPE = YES_ERROR;
				GCC_WARN_UNDECLARED_SELECTOR = YES;
				GCC_WARN_UNINITIALIZED_AUTOS = YES_AGGRESSIVE;
				GCC_WARN_UNUSED_FUNCTION = YES;
				GCC_WARN_UNUSED_VARIABLE = YES;
				"HEADER_SEARCH_PATHS[arch=*]" = (
					"$(inherited)",
					"${PODS_ROOT}/Firebase/Core/Sources",
				);
				IPHONEOS_DEPLOYMENT_TARGET = 16.0;
				MTL_ENABLE_DEBUG_INFO = NO;
				MTL_FAST_MATH = YES;
				ONLY_ACTIVE_ARCH = YES;
				"OTHER_LDFLAGS[arch=*]" = "$(inherited)";
				SDKROOT = iphoneos;
				SWIFT_COMPILATION_MODE = wholemodule;
				SWIFT_OPTIMIZATION_LEVEL = "-O";
				VALIDATE_PRODUCT = YES;
			};
			name = Release;
		};
		3907C9F328D804EF00019482 /* Debug */ = {
			isa = XCBuildConfiguration;
			baseConfigurationReference = D0FA76D1EBC104A3F1F8C603 /* Pods-ShopGo.debug.xcconfig */;
			buildSettings = {
				ASSETCATALOG_COMPILER_APPICON_NAME = AppIcon;
				ASSETCATALOG_COMPILER_GLOBAL_ACCENT_COLOR_NAME = AccentColor;
				CODE_SIGN_STYLE = Automatic;
				CURRENT_PROJECT_VERSION = 1;
				DEBUG_INFORMATION_FORMAT = "dwarf-with-dsym";
				DEVELOPMENT_TEAM = "";
				GENERATE_INFOPLIST_FILE = YES;
				INFOPLIST_FILE = ShopGo/Info.plist;
				INFOPLIST_KEY_UIApplicationSupportsIndirectInputEvents = YES;
				INFOPLIST_KEY_UILaunchStoryboardName = LaunchScreen;
				INFOPLIST_KEY_UIMainStoryboardFile = Main;
				INFOPLIST_KEY_UISupportedInterfaceOrientations_iPad = "UIInterfaceOrientationPortrait UIInterfaceOrientationPortraitUpsideDown UIInterfaceOrientationLandscapeLeft UIInterfaceOrientationLandscapeRight";
				INFOPLIST_KEY_UISupportedInterfaceOrientations_iPhone = "UIInterfaceOrientationPortrait UIInterfaceOrientationLandscapeLeft UIInterfaceOrientationLandscapeRight";
				LD_RUNPATH_SEARCH_PATHS = (
					"$(inherited)",
					"@executable_path/Frameworks",
				);
				MARKETING_VERSION = 1.0;
				PRODUCT_BUNDLE_IDENTIFIER = huzaifa.muhammad.ShopGo;
				PRODUCT_NAME = "$(TARGET_NAME)";
				SWIFT_EMIT_LOC_STRINGS = YES;
				SWIFT_VERSION = 5.0;
				TARGETED_DEVICE_FAMILY = "1,2";
			};
			name = Debug;
		};
		3907C9F428D804EF00019482 /* Release */ = {
			isa = XCBuildConfiguration;
			baseConfigurationReference = 3401748AC5A42F769E0C1D9D /* Pods-ShopGo.release.xcconfig */;
			buildSettings = {
				ASSETCATALOG_COMPILER_APPICON_NAME = AppIcon;
				ASSETCATALOG_COMPILER_GLOBAL_ACCENT_COLOR_NAME = AccentColor;
				CODE_SIGN_STYLE = Automatic;
				CURRENT_PROJECT_VERSION = 1;
				DEBUG_INFORMATION_FORMAT = "dwarf-with-dsym";
				DEVELOPMENT_TEAM = "";
				GENERATE_INFOPLIST_FILE = YES;
				INFOPLIST_FILE = ShopGo/Info.plist;
				INFOPLIST_KEY_UIApplicationSupportsIndirectInputEvents = YES;
				INFOPLIST_KEY_UILaunchStoryboardName = LaunchScreen;
				INFOPLIST_KEY_UIMainStoryboardFile = Main;
				INFOPLIST_KEY_UISupportedInterfaceOrientations_iPad = "UIInterfaceOrientationPortrait UIInterfaceOrientationPortraitUpsideDown UIInterfaceOrientationLandscapeLeft UIInterfaceOrientationLandscapeRight";
				INFOPLIST_KEY_UISupportedInterfaceOrientations_iPhone = "UIInterfaceOrientationPortrait UIInterfaceOrientationLandscapeLeft UIInterfaceOrientationLandscapeRight";
				LD_RUNPATH_SEARCH_PATHS = (
					"$(inherited)",
					"@executable_path/Frameworks",
				);
				MARKETING_VERSION = 1.0;
				PRODUCT_BUNDLE_IDENTIFIER = huzaifa.muhammad.ShopGo;
				PRODUCT_NAME = "$(TARGET_NAME)";
				SWIFT_EMIT_LOC_STRINGS = YES;
				SWIFT_VERSION = 5.0;
				TARGETED_DEVICE_FAMILY = "1,2";
			};
			name = Release;
		};
		3907C9F628D804EF00019482 /* Debug */ = {
			isa = XCBuildConfiguration;
			baseConfigurationReference = F36685DE62F0D57159D491A4 /* Pods-ShopGoTests.debug.xcconfig */;
			buildSettings = {
				ALWAYS_EMBED_SWIFT_STANDARD_LIBRARIES = YES;
				BUNDLE_LOADER = "$(TEST_HOST)";
				CODE_SIGN_STYLE = Automatic;
				CURRENT_PROJECT_VERSION = 1;
				GENERATE_INFOPLIST_FILE = YES;
				IPHONEOS_DEPLOYMENT_TARGET = 16.0;
				MARKETING_VERSION = 1.0;
				PRODUCT_BUNDLE_IDENTIFIER = huzaifa.muhammad.ShopGoTests;
				PRODUCT_NAME = "$(TARGET_NAME)";
				SWIFT_EMIT_LOC_STRINGS = NO;
				SWIFT_VERSION = 5.0;
				TARGETED_DEVICE_FAMILY = "1,2";
				TEST_HOST = "$(BUILT_PRODUCTS_DIR)/ShopGo.app/$(BUNDLE_EXECUTABLE_FOLDER_PATH)/ShopGo";
			};
			name = Debug;
		};
		3907C9F728D804EF00019482 /* Release */ = {
			isa = XCBuildConfiguration;
			baseConfigurationReference = EFF3662D18AA6F3682BE96E5 /* Pods-ShopGoTests.release.xcconfig */;
			buildSettings = {
				ALWAYS_EMBED_SWIFT_STANDARD_LIBRARIES = YES;
				BUNDLE_LOADER = "$(TEST_HOST)";
				CODE_SIGN_STYLE = Automatic;
				CURRENT_PROJECT_VERSION = 1;
				GENERATE_INFOPLIST_FILE = YES;
				IPHONEOS_DEPLOYMENT_TARGET = 16.0;
				MARKETING_VERSION = 1.0;
				PRODUCT_BUNDLE_IDENTIFIER = huzaifa.muhammad.ShopGoTests;
				PRODUCT_NAME = "$(TARGET_NAME)";
				SWIFT_EMIT_LOC_STRINGS = NO;
				SWIFT_VERSION = 5.0;
				TARGETED_DEVICE_FAMILY = "1,2";
				TEST_HOST = "$(BUILT_PRODUCTS_DIR)/ShopGo.app/$(BUNDLE_EXECUTABLE_FOLDER_PATH)/ShopGo";
			};
			name = Release;
		};
		3907C9F928D804EF00019482 /* Debug */ = {
			isa = XCBuildConfiguration;
			baseConfigurationReference = DE5E088048E5C58EEB55250F /* Pods-ShopGo-ShopGoUITests.debug.xcconfig */;
			buildSettings = {
				ALWAYS_EMBED_SWIFT_STANDARD_LIBRARIES = YES;
				CODE_SIGN_STYLE = Automatic;
				CURRENT_PROJECT_VERSION = 1;
				GENERATE_INFOPLIST_FILE = YES;
				MARKETING_VERSION = 1.0;
				PRODUCT_BUNDLE_IDENTIFIER = huzaifa.muhammad.ShopGoUITests;
				PRODUCT_NAME = "$(TARGET_NAME)";
				SWIFT_EMIT_LOC_STRINGS = NO;
				SWIFT_VERSION = 5.0;
				TARGETED_DEVICE_FAMILY = "1,2";
				TEST_TARGET_NAME = ShopGo;
			};
			name = Debug;
		};
		3907C9FA28D804EF00019482 /* Release */ = {
			isa = XCBuildConfiguration;
			baseConfigurationReference = 805E22E2355639A45912B8F6 /* Pods-ShopGo-ShopGoUITests.release.xcconfig */;
			buildSettings = {
				ALWAYS_EMBED_SWIFT_STANDARD_LIBRARIES = YES;
				CODE_SIGN_STYLE = Automatic;
				CURRENT_PROJECT_VERSION = 1;
				GENERATE_INFOPLIST_FILE = YES;
				MARKETING_VERSION = 1.0;
				PRODUCT_BUNDLE_IDENTIFIER = huzaifa.muhammad.ShopGoUITests;
				PRODUCT_NAME = "$(TARGET_NAME)";
				SWIFT_EMIT_LOC_STRINGS = NO;
				SWIFT_VERSION = 5.0;
				TARGETED_DEVICE_FAMILY = "1,2";
				TEST_TARGET_NAME = ShopGo;
			};
			name = Release;
		};
/* End XCBuildConfiguration section */

/* Begin XCConfigurationList section */
		3907C9C328D804ED00019482 /* Build configuration list for PBXProject "ShopGo" */ = {
			isa = XCConfigurationList;
			buildConfigurations = (
				3907C9F028D804EF00019482 /* Debug */,
				3907C9F128D804EF00019482 /* Release */,
			);
			defaultConfigurationIsVisible = 0;
			defaultConfigurationName = Release;
		};
		3907C9F228D804EF00019482 /* Build configuration list for PBXNativeTarget "ShopGo" */ = {
			isa = XCConfigurationList;
			buildConfigurations = (
				3907C9F328D804EF00019482 /* Debug */,
				3907C9F428D804EF00019482 /* Release */,
			);
			defaultConfigurationIsVisible = 0;
			defaultConfigurationName = Release;
		};
		3907C9F528D804EF00019482 /* Build configuration list for PBXNativeTarget "ShopGoTests" */ = {
			isa = XCConfigurationList;
			buildConfigurations = (
				3907C9F628D804EF00019482 /* Debug */,
				3907C9F728D804EF00019482 /* Release */,
			);
			defaultConfigurationIsVisible = 0;
			defaultConfigurationName = Release;
		};
		3907C9F828D804EF00019482 /* Build configuration list for PBXNativeTarget "ShopGoUITests" */ = {
			isa = XCConfigurationList;
			buildConfigurations = (
				3907C9F928D804EF00019482 /* Debug */,
				3907C9FA28D804EF00019482 /* Release */,
			);
			defaultConfigurationIsVisible = 0;
			defaultConfigurationName = Release;
		};
/* End XCConfigurationList section */

/* Begin XCRemoteSwiftPackageReference section */
		5962F95628DA415E0093CA4D /* XCRemoteSwiftPackageReference "firebase-ios-sdk" */ = {
			isa = XCRemoteSwiftPackageReference;
			repositoryURL = "https://github.com/firebase/firebase-ios-sdk";
			requirement = {
				kind = upToNextMajorVersion;
				minimumVersion = 9.0.0;
			};
		};
/* End XCRemoteSwiftPackageReference section */

/* Begin XCSwiftPackageProductDependency section */
		5962F95728DA415E0093CA4D /* FirebaseAnalytics */ = {
			isa = XCSwiftPackageProductDependency;
			package = 5962F95628DA415E0093CA4D /* XCRemoteSwiftPackageReference "firebase-ios-sdk" */;
			productName = FirebaseAnalytics;
		};
		5962F95928DA415E0093CA4D /* FirebaseAnalyticsSwift */ = {
			isa = XCSwiftPackageProductDependency;
			package = 5962F95628DA415E0093CA4D /* XCRemoteSwiftPackageReference "firebase-ios-sdk" */;
			productName = FirebaseAnalyticsSwift;
		};
		5962F95B28DA415E0093CA4D /* FirebaseCrashlytics */ = {
			isa = XCSwiftPackageProductDependency;
			package = 5962F95628DA415E0093CA4D /* XCRemoteSwiftPackageReference "firebase-ios-sdk" */;
			productName = FirebaseCrashlytics;
		};
		5962F9A628DBD8160093CA4D /* FirebaseAuth */ = {
			isa = XCSwiftPackageProductDependency;
			package = 5962F95628DA415E0093CA4D /* XCRemoteSwiftPackageReference "firebase-ios-sdk" */;
			productName = FirebaseAuth;
		};
		5962F9A828DBE19F0093CA4D /* FirebaseAnalytics */ = {
			isa = XCSwiftPackageProductDependency;
			package = 5962F95628DA415E0093CA4D /* XCRemoteSwiftPackageReference "firebase-ios-sdk" */;
			productName = FirebaseAnalytics;
		};
		5962F9AA28DBE1A50093CA4D /* FirebaseAuth */ = {
			isa = XCSwiftPackageProductDependency;
			package = 5962F95628DA415E0093CA4D /* XCRemoteSwiftPackageReference "firebase-ios-sdk" */;
			productName = FirebaseAuth;
		};
		5962F9AC28DBE1B00093CA4D /* FirebaseCrashlytics */ = {
			isa = XCSwiftPackageProductDependency;
			package = 5962F95628DA415E0093CA4D /* XCRemoteSwiftPackageReference "firebase-ios-sdk" */;
			productName = FirebaseCrashlytics;
		};
		5962F9AE28DBE1CB0093CA4D /* FirebaseAnalyticsSwift */ = {
			isa = XCSwiftPackageProductDependency;
			package = 5962F95628DA415E0093CA4D /* XCRemoteSwiftPackageReference "firebase-ios-sdk" */;
			productName = FirebaseAnalyticsSwift;
		};
		5962F9B028DBE50B0093CA4D /* FirebaseAnalytics */ = {
			isa = XCSwiftPackageProductDependency;
			package = 5962F95628DA415E0093CA4D /* XCRemoteSwiftPackageReference "firebase-ios-sdk" */;
			productName = FirebaseAnalytics;
		};
		5962F9B228DBE50F0093CA4D /* FirebaseAnalyticsSwift */ = {
			isa = XCSwiftPackageProductDependency;
			package = 5962F95628DA415E0093CA4D /* XCRemoteSwiftPackageReference "firebase-ios-sdk" */;
			productName = FirebaseAnalyticsSwift;
		};
		5962F9B428DBE5150093CA4D /* FirebaseCrashlytics */ = {
			isa = XCSwiftPackageProductDependency;
			package = 5962F95628DA415E0093CA4D /* XCRemoteSwiftPackageReference "firebase-ios-sdk" */;
			productName = FirebaseCrashlytics;
		};
		5962F9B628DBE5220093CA4D /* FirebaseAuth */ = {
			isa = XCSwiftPackageProductDependency;
			package = 5962F95628DA415E0093CA4D /* XCRemoteSwiftPackageReference "firebase-ios-sdk" */;
			productName = FirebaseAuth;
		};
/* End XCSwiftPackageProductDependency section */
	};
	rootObject = 3907C9C028D804ED00019482 /* Project object */;
}
